
Microsoft Visual Studio Solution File, Format Version 10.00
# Visual Studio 2008
Project("{8BC9CEB8-8B4A-11D0-8D11-00A0C91BC942}") = "WonArpDll", "WonArpDll\WonArp.vcproj", "{C3158136-D737-4FB3-96D1-595953E4180F}"
EndProject
Project("{8BC9CEB8-8B4A-11D0-8D11-00A0C91BC942}") = "WonFWMain", "WonFW\WonFW.vcproj", "{280F6186-AC86-4133-943D-C0944A7C446F}"
	ProjectSection(ProjectDependencies) = postProject
		{C3158136-D737-4FB3-96D1-595953E4180F} = {C3158136-D737-4FB3-96D1-595953E4180F}
	EndProjectSection
EndProject
Project("{8BC9CEB8-8B4A-11D0-8D11-00A0C91BC942}") = "WonArp6Driver", "WonArp6\WonArp6.WLH.vcproj", "{6C1A9916-1789-45CD-B648-1A825E31143D}"
EndProject
Project("{8BC9CEB8-8B4A-11D0-8D11-00A0C91BC942}") = "WonArp5Driver", "WonArp5\WonArp5Driver.WXP.vcproj", "{6BFED877-7D1B-4231-AFE8-8D53A3044115}"
EndProject
Global
	GlobalSection(SolutionConfigurationPlatforms) = preSolution
		Debug|Win32 = Debug|Win32
		Release|Win32 = Release|Win32
		WLH checked|Win32 = WLH checked|Win32
		WLH free|Win32 = WLH free|Win32
		WLH2K checked|Win32 = WLH2K checked|Win32
		WLH2K free|Win32 = WLH2K free|Win32
		WLHNET checked|Win32 = WLHNET checked|Win32
		WLHNET free|Win32 = WLHNET free|Win32
		WLHXP checked|Win32 = WLHXP checked|Win32
		WLHXP free|Win32 = WLHXP free|Win32
		WXP checked|Win32 = WXP checked|Win32
		WXP free|Win32 = WXP free|Win32
		WXP2K checked|Win32 = WXP2K checked|Win32
		WXP2K free|Win32 = WXP2K free|Win32
	EndGlobalSection
	GlobalSection(ProjectConfigurationPlatforms) = postSolution
		{C3158136-D737-4FB3-96D1-595953E4180F}.Debug|Win32.ActiveCfg = Debug|Win32
		{C3158136-D737-4FB3-96D1-595953E4180F}.Release|Win32.ActiveCfg = Release|Win32
		{C3158136-D737-4FB3-96D1-595953E4180F}.Release|Win32.Build.0 = Release|Win32
		{C3158136-D737-4FB3-96D1-595953E4180F}.WLH checked|Win32.ActiveCfg = Debug|Win32
		{C3158136-D737-4FB3-96D1-595953E4180F}.WLH checked|Win32.Build.0 = Debug|Win32
		{C3158136-D737-4FB3-96D1-595953E4180F}.WLH free|Win32.ActiveCfg = Debug|Win32
		{C3158136-D737-4FB3-96D1-595953E4180F}.WLH free|Win32.Build.0 = Debug|Win32
		{C3158136-D737-4FB3-96D1-595953E4180F}.WLH2K checked|Win32.ActiveCfg = Debug|Win32
		{C3158136-D737-4FB3-96D1-595953E4180F}.WLH2K checked|Win32.Build.0 = Debug|Win32
		{C3158136-D737-4FB3-96D1-595953E4180F}.WLH2K free|Win32.ActiveCfg = Debug|Win32
		{C3158136-D737-4FB3-96D1-595953E4180F}.WLH2K free|Win32.Build.0 = Debug|Win32
		{C3158136-D737-4FB3-96D1-595953E4180F}.WLHNET checked|Win32.ActiveCfg = Debug|Win32
		{C3158136-D737-4FB3-96D1-595953E4180F}.WLHNET checked|Win32.Build.0 = Debug|Win32
		{C3158136-D737-4FB3-96D1-595953E4180F}.WLHNET free|Win32.ActiveCfg = Debug|Win32
		{C3158136-D737-4FB3-96D1-595953E4180F}.WLHNET free|Win32.Build.0 = Debug|Win32
		{C3158136-D737-4FB3-96D1-595953E4180F}.WLHXP checked|Win32.ActiveCfg = Debug|Win32
		{C3158136-D737-4FB3-96D1-595953E4180F}.WLHXP checked|Win32.Build.0 = Debug|Win32
		{C3158136-D737-4FB3-96D1-595953E4180F}.WLHXP free|Win32.ActiveCfg = Debug|Win32
		{C3158136-D737-4FB3-96D1-595953E4180F}.WLHXP free|Win32.Build.0 = Debug|Win32
		{C3158136-D737-4FB3-96D1-595953E4180F}.WXP checked|Win32.ActiveCfg = Debug|Win32
		{C3158136-D737-4FB3-96D1-595953E4180F}.WXP checked|Win32.Build.0 = Debug|Win32
		{C3158136-D737-4FB3-96D1-595953E4180F}.WXP free|Win32.ActiveCfg = Debug|Win32
		{C3158136-D737-4FB3-96D1-595953E4180F}.WXP free|Win32.Build.0 = Debug|Win32
		{C3158136-D737-4FB3-96D1-595953E4180F}.WXP2K checked|Win32.ActiveCfg = Debug|Win32
		{C3158136-D737-4FB3-96D1-595953E4180F}.WXP2K checked|Win32.Build.0 = Debug|Win32
		{C3158136-D737-4FB3-96D1-595953E4180F}.WXP2K free|Win32.ActiveCfg = Debug|Win32
		{C3158136-D737-4FB3-96D1-595953E4180F}.WXP2K free|Win32.Build.0 = Debug|Win32
		{280F6186-AC86-4133-943D-C0944A7C446F}.Debug|Win32.ActiveCfg = Debug|Win32
		{280F6186-AC86-4133-943D-C0944A7C446F}.Debug|Win32.Build.0 = Debug|Win32
		{280F6186-AC86-4133-943D-C0944A7C446F}.Release|Win32.ActiveCfg = Release|Win32
		{280F6186-AC86-4133-943D-C0944A7C446F}.Release|Win32.Build.0 = Release|Win32
		{280F6186-AC86-4133-943D-C0944A7C446F}.WLH checked|Win32.ActiveCfg = Release|Win32
		{280F6186-AC86-4133-943D-C0944A7C446F}.WLH checked|Win32.Build.0 = Release|Win32
		{280F6186-AC86-4133-943D-C0944A7C446F}.WLH free|Win32.ActiveCfg = Release|Win32
		{280F6186-AC86-4133-943D-C0944A7C446F}.WLH free|Win32.Build.0 = Release|Win32
		{280F6186-AC86-4133-943D-C0944A7C446F}.WLH2K checked|Win32.ActiveCfg = Release|Win32
		{280F6186-AC86-4133-943D-C0944A7C446F}.WLH2K checked|Win32.Build.0 = Release|Win32
		{280F6186-AC86-4133-943D-C0944A7C446F}.WLH2K free|Win32.ActiveCfg = Release|Win32
		{280F6186-AC86-4133-943D-C0944A7C446F}.WLH2K free|Win32.Build.0 = Release|Win32
		{280F6186-AC86-4133-943D-C0944A7C446F}.WLHNET checked|Win32.ActiveCfg = Release|Win32
		{280F6186-AC86-4133-943D-C0944A7C446F}.WLHNET checked|Win32.Build.0 = Release|Win32
		{280F6186-AC86-4133-943D-C0944A7C446F}.WLHNET free|Win32.ActiveCfg = Release|Win32
		{280F6186-AC86-4133-943D-C0944A7C446F}.WLHNET free|Win32.Build.0 = Release|Win32
		{280F6186-AC86-4133-943D-C0944A7C446F}.WLHXP checked|Win32.ActiveCfg = Release|Win32
		{280F6186-AC86-4133-943D-C0944A7C446F}.WLHXP checked|Win32.Build.0 = Release|Win32
		{280F6186-AC86-4133-943D-C0944A7C446F}.WLHXP free|Win32.ActiveCfg = Release|Win32
		{280F6186-AC86-4133-943D-C0944A7C446F}.WLHXP free|Win32.Build.0 = Release|Win32
		{280F6186-AC86-4133-943D-C0944A7C446F}.WXP checked|Win32.ActiveCfg = Release|Win32
		{280F6186-AC86-4133-943D-C0944A7C446F}.WXP checked|Win32.Build.0 = Release|Win32
		{280F6186-AC86-4133-943D-C0944A7C446F}.WXP free|Win32.ActiveCfg = Release|Win32
		{280F6186-AC86-4133-943D-C0944A7C446F}.WXP free|Win32.Build.0 = Release|Win32
		{280F6186-AC86-4133-943D-C0944A7C446F}.WXP2K checked|Win32.ActiveCfg = Release|Win32
		{280F6186-AC86-4133-943D-C0944A7C446F}.WXP2K checked|Win32.Build.0 = Release|Win32
		{280F6186-AC86-4133-943D-C0944A7C446F}.WXP2K free|Win32.ActiveCfg = Release|Win32
		{280F6186-AC86-4133-943D-C0944A7C446F}.WXP2K free|Win32.Build.0 = Release|Win32
		{6C1A9916-1789-45CD-B648-1A825E31143D}.Debug|Win32.ActiveCfg = WLH checked|Win32
		{6C1A9916-1789-45CD-B648-1A825E31143D}.Release|Win32.ActiveCfg = WLHNET checked|Win32
		{6C1A9916-1789-45CD-B648-1A825E31143D}.Release|Win32.Build.0 = WLHNET checked|Win32
		{6C1A9916-1789-45CD-B648-1A825E31143D}.WLH checked|Win32.ActiveCfg = WLH checked|Win32
		{6C1A9916-1789-45CD-B648-1A825E31143D}.WLH checked|Win32.Build.0 = WLH checked|Win32
		{6C1A9916-1789-45CD-B648-1A825E31143D}.WLH free|Win32.ActiveCfg = WLH free|Win32
		{6C1A9916-1789-45CD-B648-1A825E31143D}.WLH free|Win32.Build.0 = WLH free|Win32
		{6C1A9916-1789-45CD-B648-1A825E31143D}.WLH2K checked|Win32.ActiveCfg = WLH2K checked|Win32
		{6C1A9916-1789-45CD-B648-1A825E31143D}.WLH2K checked|Win32.Build.0 = WLH2K checked|Win32
		{6C1A9916-1789-45CD-B648-1A825E31143D}.WLH2K free|Win32.ActiveCfg = WLH2K free|Win32
		{6C1A9916-1789-45CD-B648-1A825E31143D}.WLH2K free|Win32.Build.0 = WLH2K free|Win32
		{6C1A9916-1789-45CD-B648-1A825E31143D}.WLHNET checked|Win32.ActiveCfg = WLHNET checked|Win32
		{6C1A9916-1789-45CD-B648-1A825E31143D}.WLHNET checked|Win32.Build.0 = WLHNET checked|Win32
		{6C1A9916-1789-45CD-B648-1A825E31143D}.WLHNET free|Win32.ActiveCfg = WLHNET free|Win32
		{6C1A9916-1789-45CD-B648-1A825E31143D}.WLHNET free|Win32.Build.0 = WLHNET free|Win32
		{6C1A9916-1789-45CD-B648-1A825E31143D}.WLHXP checked|Win32.ActiveCfg = WLHXP checked|Win32
		{6C1A9916-1789-45CD-B648-1A825E31143D}.WLHXP checked|Win32.Build.0 = WLHXP checked|Win32
		{6C1A9916-1789-45CD-B648-1A825E31143D}.WLHXP free|Win32.ActiveCfg = WLHXP free|Win32
		{6C1A9916-1789-45CD-B648-1A825E31143D}.WLHXP free|Win32.Build.0 = WLHXP free|Win32
		{6C1A9916-1789-45CD-B648-1A825E31143D}.WXP checked|Win32.ActiveCfg = WLHNET checked|Win32
		{6C1A9916-1789-45CD-B648-1A825E31143D}.WXP checked|Win32.Build.0 = WLHNET checked|Win32
		{6C1A9916-1789-45CD-B648-1A825E31143D}.WXP free|Win32.ActiveCfg = WLHNET checked|Win32
		{6C1A9916-1789-45CD-B648-1A825E31143D}.WXP free|Win32.Build.0 = WLHNET checked|Win32
		{6C1A9916-1789-45CD-B648-1A825E31143D}.WXP2K checked|Win32.ActiveCfg = WLHNET checked|Win32
		{6C1A9916-1789-45CD-B648-1A825E31143D}.WXP2K checked|Win32.Build.0 = WLHNET checked|Win32
		{6C1A9916-1789-45CD-B648-1A825E31143D}.WXP2K free|Win32.ActiveCfg = WLHNET checked|Win32
		{6C1A9916-1789-45CD-B648-1A825E31143D}.WXP2K free|Win32.Build.0 = WLHNET checked|Win32
		{6BFED877-7D1B-4231-AFE8-8D53A3044115}.Debug|Win32.ActiveCfg = WXP checked|Win32
		{6BFED877-7D1B-4231-AFE8-8D53A3044115}.Release|Win32.ActiveCfg = WXP2K checked|Win32
		{6BFED877-7D1B-4231-AFE8-8D53A3044115}.Release|Win32.Build.0 = WXP2K checked|Win32
		{6BFED877-7D1B-4231-AFE8-8D53A3044115}.WLH checked|Win32.ActiveCfg = WXP2K checked|Win32
		{6BFED877-7D1B-4231-AFE8-8D53A3044115}.WLH checked|Win32.Build.0 = WXP2K checked|Win32
		{6BFED877-7D1B-4231-AFE8-8D53A3044115}.WLH free|Win32.ActiveCfg = WXP2K checked|Win32
		{6BFED877-7D1B-4231-AFE8-8D53A3044115}.WLH free|Win32.Build.0 = WXP2K checked|Win32
		{6BFED877-7D1B-4231-AFE8-8D53A3044115}.WLH2K checked|Win32.ActiveCfg = WXP2K checked|Win32
		{6BFED877-7D1B-4231-AFE8-8D53A3044115}.WLH2K checked|Win32.Build.0 = WXP2K checked|Win32
		{6BFED877-7D1B-4231-AFE8-8D53A3044115}.WLH2K free|Win32.ActiveCfg = WXP2K checked|Win32
		{6BFED877-7D1B-4231-AFE8-8D53A3044115}.WLH2K free|Win32.Build.0 = WXP2K checked|Win32
		{6BFED877-7D1B-4231-AFE8-8D53A3044115}.WLHNET checked|Win32.ActiveCfg = WXP2K checked|Win32
		{6BFED877-7D1B-4231-AFE8-8D53A3044115}.WLHNET checked|Win32.Build.0 = WXP2K checked|Win32
		{6BFED877-7D1B-4231-AFE8-8D53A3044115}.WLHNET free|Win32.ActiveCfg = WXP2K checked|Win32
		{6BFED877-7D1B-4231-AFE8-8D53A3044115}.WLHNET free|Win32.Build.0 = WXP2K checked|Win32
		{6BFED877-7D1B-4231-AFE8-8D53A3044115}.WLHXP checked|Win32.ActiveCfg = WXP2K checked|Win32
		{6BFED877-7D1B-4231-AFE8-8D53A3044115}.WLHXP checked|Win32.Build.0 = WXP2K checked|Win32
		{6BFED877-7D1B-4231-AFE8-8D53A3044115}.WLHXP free|Win32.ActiveCfg = WXP2K checked|Win32
		{6BFED877-7D1B-4231-AFE8-8D53A3044115}.WLHXP free|Win32.Build.0 = WXP2K checked|Win32
		{6BFED877-7D1B-4231-AFE8-8D53A3044115}.WXP checked|Win32.ActiveCfg = WXP checked|Win32
		{6BFED877-7D1B-4231-AFE8-8D53A3044115}.WXP checked|Win32.Build.0 = WXP checked|Win32
		{6BFED877-7D1B-4231-AFE8-8D53A3044115}.WXP free|Win32.ActiveCfg = WXP free|Win32
		{6BFED877-7D1B-4231-AFE8-8D53A3044115}.WXP free|Win32.Build.0 = WXP free|Win32
		{6BFED877-7D1B-4231-AFE8-8D53A3044115}.WXP2K checked|Win32.ActiveCfg = WXP2K checked|Win32
		{6BFED877-7D1B-4231-AFE8-8D53A3044115}.WXP2K checked|Win32.Build.0 = WXP2K checked|Win32
		{6BFED877-7D1B-4231-AFE8-8D53A3044115}.WXP2K free|Win32.ActiveCfg = WXP2K free|Win32
		{6BFED877-7D1B-4231-AFE8-8D53A3044115}.WXP2K free|Win32.Build.0 = WXP2K free|Win32
	EndGlobalSection
	GlobalSection(SolutionProperties) = preSolution
		HideSolutionNode = FALSE
	EndGlobalSection
EndGlobal
